
Microsoft Visual Studio Solution File, Format Version 12.00
# Visual Studio 14
VisualStudioVersion = 14.0.25123.0
MinimumVisualStudioVersion = 10.0.40219.1
Project("{CC5FD16D-436D-48AD-A40C-5A424C6E3E79}") = "WebCrawler", "WebCrawler\WebCrawler.ccproj", "{B7D7B59D-6222-43C2-AA6D-3C3720396A8E}"
EndProject
Project("{FAE04EC0-301F-11D3-BF4B-00C04F79EFBC}") = "CrawlerWebRole", "CrawlerWebRole\CrawlerWebRole.csproj", "{4D48901D-8D59-4532-A2BB-E8C2B8E44552}"
EndProject
Project("{FAE04EC0-301F-11D3-BF4B-00C04F79EFBC}") = "CrawlerWorkerRole", "CrawlerWorkerRole\CrawlerWorkerRole.csproj", "{FDA659E6-30A2-4305-84F8-5A4110AF9E18}"
EndProject
Project("{FAE04EC0-301F-11D3-BF4B-00C04F79EFBC}") = "CloudLibrary", "CloudLibrary\CloudLibrary.csproj", "{D38349C6-F503-4B9F-B98B-451CE7A29A70}"
EndProject
Project("{FAE04EC0-301F-11D3-BF4B-00C04F79EFBC}") = "Scripts", "Scripts\Scripts.csproj", "{D5E5FBA2-7C44-4187-901C-28EB42DE9C38}"
EndProject
Global
	GlobalSection(SolutionConfigurationPlatforms) = preSolution
		Debug|Any CPU = Debug|Any CPU
		Release|Any CPU = Release|Any CPU
	EndGlobalSection
	GlobalSection(ProjectConfigurationPlatforms) = postSolution
		{B7D7B59D-6222-43C2-AA6D-3C3720396A8E}.Debug|Any CPU.ActiveCfg = Debug|Any CPU
		{B7D7B59D-6222-43C2-AA6D-3C3720396A8E}.Debug|Any CPU.Build.0 = Debug|Any CPU
		{B7D7B59D-6222-43C2-AA6D-3C3720396A8E}.Release|Any CPU.ActiveCfg = Release|Any CPU
		{B7D7B59D-6222-43C2-AA6D-3C3720396A8E}.Release|Any CPU.Build.0 = Release|Any CPU
		{4D48901D-8D59-4532-A2BB-E8C2B8E44552}.Debug|Any CPU.ActiveCfg = Debug|Any CPU
		{4D48901D-8D59-4532-A2BB-E8C2B8E44552}.Debug|Any CPU.Build.0 = Debug|Any CPU
		{4D48901D-8D59-4532-A2BB-E8C2B8E44552}.Release|Any CPU.ActiveCfg = Release|Any CPU
		{4D48901D-8D59-4532-A2BB-E8C2B8E44552}.Release|Any CPU.Build.0 = Release|Any CPU
		{FDA659E6-30A2-4305-84F8-5A4110AF9E18}.Debug|Any CPU.ActiveCfg = Debug|Any CPU
		{FDA659E6-30A2-4305-84F8-5A4110AF9E18}.Debug|Any CPU.Build.0 = Debug|Any CPU
		{FDA659E6-30A2-4305-84F8-5A4110AF9E18}.Release|Any CPU.ActiveCfg = Release|Any CPU
		{FDA659E6-30A2-4305-84F8-5A4110AF9E18}.Release|Any CPU.Build.0 = Release|Any CPU
		{D38349C6-F503-4B9F-B98B-451CE7A29A70}.Debug|Any CPU.ActiveCfg = Debug|Any CPU
		{D38349C6-F503-4B9F-B98B-451CE7A29A70}.Debug|Any CPU.Build.0 = Debug|Any CPU
		{D38349C6-F503-4B9F-B98B-451CE7A29A70}.Release|Any CPU.ActiveCfg = Release|Any CPU
		{D38349C6-F503-4B9F-B98B-451CE7A29A70}.Release|Any CPU.Build.0 = Release|Any CPU
		{D5E5FBA2-7C44-4187-901C-28EB42DE9C38}.Debug|Any CPU.ActiveCfg = Debug|Any CPU
		{D5E5FBA2-7C44-4187-901C-28EB42DE9C38}.Debug|Any CPU.Build.0 = Debug|Any CPU
		{D5E5FBA2-7C44-4187-901C-28EB42DE9C38}.Release|Any CPU.ActiveCfg = Release|Any CPU
		{D5E5FBA2-7C44-4187-901C-28EB42DE9C38}.Release|Any CPU.Build.0 = Release|Any CPU
	EndGlobalSection
	GlobalSection(SolutionProperties) = preSolution
		HideSolutionNode = FALSE
	EndGlobalSection
EndGlobal
